// !$*UTF8*$!
{
	archiveVersion = 1;
	classes = {
	};
	objectVersion = 50;
	objects = {

/* Begin PBXBuildFile section */
		25836E5E1FAAF6EA5BBDDB10 /* Pods_PeacefulMinds.framework in Frameworks */ = {isa = PBXBuildFile; fileRef = 94C2EC96E6BE1AF2A1E7F2F4 /* Pods_PeacefulMinds.framework */; };
		A000149D21AF4D8600BD14C5 /* profile.png in Resources */ = {isa = PBXBuildFile; fileRef = A000149C21AF4D8500BD14C5 /* profile.png */; };
		A01E413C21A3918E00EF03B5 /* AppDelegate.swift in Sources */ = {isa = PBXBuildFile; fileRef = A01E413B21A3918E00EF03B5 /* AppDelegate.swift */; };
		A01E413E21A3918E00EF03B5 /* ViewController.swift in Sources */ = {isa = PBXBuildFile; fileRef = A01E413D21A3918E00EF03B5 /* ViewController.swift */; };
		A01E414321A3918F00EF03B5 /* logo.xcassets in Resources */ = {isa = PBXBuildFile; fileRef = A01E414221A3918F00EF03B5 /* logo.xcassets */; };
		A01E414621A3918F00EF03B5 /* LaunchScreen.storyboard in Resources */ = {isa = PBXBuildFile; fileRef = A01E414421A3918F00EF03B5 /* LaunchScreen.storyboard */; };
		A078590F21AE424400AF7E6B /* BillViewController.swift in Sources */ = {isa = PBXBuildFile; fileRef = A078590E21AE424400AF7E6B /* BillViewController.swift */; };
		A078591221AE516F00AF7E6B /* sample_bill.pdf in Resources */ = {isa = PBXBuildFile; fileRef = A078591121AE516F00AF7E6B /* sample_bill.pdf */; };
		A078591421AE54B100AF7E6B /* sample_bill.pdf in Resources */ = {isa = PBXBuildFile; fileRef = A078591321AE54B100AF7E6B /* sample_bill.pdf */; };
		A078591721AE8FB800AF7E6B /* Montserrat-Regular.ttf in Resources */ = {isa = PBXBuildFile; fileRef = A078591621AE8D1200AF7E6B /* Montserrat-Regular.ttf */; };
		A078591821AE8FBA00AF7E6B /* Montserrat-SemiBold.ttf in Resources */ = {isa = PBXBuildFile; fileRef = A078591521AE8D1200AF7E6B /* Montserrat-SemiBold.ttf */; };
		A079608621A395410062678C /* Main.storyboard in Resources */ = {isa = PBXBuildFile; fileRef = A079608521A395410062678C /* Main.storyboard */; };
		A079609021A39B3A0062678C /* InitialViewController.swift in Sources */ = {isa = PBXBuildFile; fileRef = A079608F21A39B3A0062678C /* InitialViewController.swift */; };
		A079609221A39BD50062678C /* MenuViewController.swift in Sources */ = {isa = PBXBuildFile; fileRef = A079609121A39BD50062678C /* MenuViewController.swift */; };
		A079609421A39D790062678C /* HelperExtensions.swift in Sources */ = {isa = PBXBuildFile; fileRef = A079609321A39D790062678C /* HelperExtensions.swift */; };
		A079609621A39FED0062678C /* LoginViewController.swift in Sources */ = {isa = PBXBuildFile; fileRef = A079609521A39FED0062678C /* LoginViewController.swift */; };
		A079609821A3A0BE0062678C /* RoundedWhiteButton.swift in Sources */ = {isa = PBXBuildFile; fileRef = A079609721A3A0BE0062678C /* RoundedWhiteButton.swift */; };
		A079609A21A3A2550062678C /* SignUpViewController.swift in Sources */ = {isa = PBXBuildFile; fileRef = A079609921A3A2550062678C /* SignUpViewController.swift */; };
		A079609C21A3A2D50062678C /* GoogleService-Info.plist in Resources */ = {isa = PBXBuildFile; fileRef = A079609B21A3A2D50062678C /* GoogleService-Info.plist */; };
		A0D56A4321AF183E003159D5 /* SearchViewController.swift in Sources */ = {isa = PBXBuildFile; fileRef = A0D56A4221AF183E003159D5 /* SearchViewController.swift */; };
		A0D56A4521AF214D003159D5 /* ProfileViewController.swift in Sources */ = {isa = PBXBuildFile; fileRef = A0D56A4421AF214D003159D5 /* ProfileViewController.swift */; };
		A0D56A4A21AF23C1003159D5 /* Images.xcassets in Resources */ = {isa = PBXBuildFile; fileRef = A0D56A4921AF23C1003159D5 /* Images.xcassets */; };
		A0D5D10221AD44C30032CD27 /* ResultsViewController.swift in Sources */ = {isa = PBXBuildFile; fileRef = A0D5D10121AD44C30032CD27 /* ResultsViewController.swift */; };
		A0D5D10421AD4F690032CD27 /* HospitalTableView.xib in Resources */ = {isa = PBXBuildFile; fileRef = A0D5D10321AD4F690032CD27 /* HospitalTableView.xib */; };
		A0D5D10621AD4FC90032CD27 /* HospitalTableView.swift in Sources */ = {isa = PBXBuildFile; fileRef = A0D5D10521AD4FC90032CD27 /* HospitalTableView.swift */; };
		A0D5D10821ADEC230032CD27 /* APIHelper.swift in Sources */ = {isa = PBXBuildFile; fileRef = A0D5D10721ADEC230032CD27 /* APIHelper.swift */; };
/* End PBXBuildFile section */

/* Begin PBXFileReference section */
		0766382AC154AB8162939156 /* Pods-PeacefulMinds.release.xcconfig */ = {isa = PBXFileReference; includeInIndex = 1; lastKnownFileType = text.xcconfig; name = "Pods-PeacefulMinds.release.xcconfig"; path = "Pods/Target Support Files/Pods-PeacefulMinds/Pods-PeacefulMinds.release.xcconfig"; sourceTree = "<group>"; };
		94C2EC96E6BE1AF2A1E7F2F4 /* Pods_PeacefulMinds.framework */ = {isa = PBXFileReference; explicitFileType = wrapper.framework; includeInIndex = 0; path = Pods_PeacefulMinds.framework; sourceTree = BUILT_PRODUCTS_DIR; };
		97377EE2AC8CFE5F305E596C /* Pods-PeacefulMinds.debug.xcconfig */ = {isa = PBXFileReference; includeInIndex = 1; lastKnownFileType = text.xcconfig; name = "Pods-PeacefulMinds.debug.xcconfig"; path = "Pods/Target Support Files/Pods-PeacefulMinds/Pods-PeacefulMinds.debug.xcconfig"; sourceTree = "<group>"; };
		A000149C21AF4D8500BD14C5 /* profile.png */ = {isa = PBXFileReference; lastKnownFileType = image.png; name = profile.png; path = Images.xcassets/profile.png; sourceTree = "<group>"; };
		A01E413821A3918E00EF03B5 /* PeacefulMinds.app */ = {isa = PBXFileReference; explicitFileType = wrapper.application; includeInIndex = 0; path = PeacefulMinds.app; sourceTree = BUILT_PRODUCTS_DIR; };
		A01E413B21A3918E00EF03B5 /* AppDelegate.swift */ = {isa = PBXFileReference; lastKnownFileType = sourcecode.swift; path = AppDelegate.swift; sourceTree = "<group>"; };
		A01E413D21A3918E00EF03B5 /* ViewController.swift */ = {isa = PBXFileReference; lastKnownFileType = sourcecode.swift; path = ViewController.swift; sourceTree = "<group>"; };
		A01E414221A3918F00EF03B5 /* logo.xcassets */ = {isa = PBXFileReference; lastKnownFileType = folder.assetcatalog; path = logo.xcassets; sourceTree = "<group>"; };
		A01E414521A3918F00EF03B5 /* Base */ = {isa = PBXFileReference; lastKnownFileType = file.storyboard; name = Base; path = Base.lproj/LaunchScreen.storyboard; sourceTree = "<group>"; };
		A01E414721A3918F00EF03B5 /* Info.plist */ = {isa = PBXFileReference; lastKnownFileType = text.plist.xml; path = Info.plist; sourceTree = "<group>"; };
		A078590E21AE424400AF7E6B /* BillViewController.swift */ = {isa = PBXFileReference; lastKnownFileType = sourcecode.swift; path = BillViewController.swift; sourceTree = "<group>"; };
		A078591121AE516F00AF7E6B /* sample_bill.pdf */ = {isa = PBXFileReference; lastKnownFileType = image.pdf; path = sample_bill.pdf; sourceTree = "<group>"; };
		A078591321AE54B100AF7E6B /* sample_bill.pdf */ = {isa = PBXFileReference; lastKnownFileType = image.pdf; path = sample_bill.pdf; sourceTree = "<group>"; };
		A078591521AE8D1200AF7E6B /* Montserrat-SemiBold.ttf */ = {isa = PBXFileReference; lastKnownFileType = file; name = "Montserrat-SemiBold.ttf"; path = "Montserrat/Montserrat-SemiBold.ttf"; sourceTree = "<group>"; };
		A078591621AE8D1200AF7E6B /* Montserrat-Regular.ttf */ = {isa = PBXFileReference; lastKnownFileType = file; name = "Montserrat-Regular.ttf"; path = "Montserrat/Montserrat-Regular.ttf"; sourceTree = "<group>"; };
		A079608521A395410062678C /* Main.storyboard */ = {isa = PBXFileReference; fileEncoding = 4; lastKnownFileType = file.storyboard; path = Main.storyboard; sourceTree = "<group>"; };
		A079608F21A39B3A0062678C /* InitialViewController.swift */ = {isa = PBXFileReference; lastKnownFileType = sourcecode.swift; path = InitialViewController.swift; sourceTree = "<group>"; };
		A079609121A39BD50062678C /* MenuViewController.swift */ = {isa = PBXFileReference; lastKnownFileType = sourcecode.swift; path = MenuViewController.swift; sourceTree = "<group>"; };
		A079609321A39D790062678C /* HelperExtensions.swift */ = {isa = PBXFileReference; lastKnownFileType = sourcecode.swift; path = HelperExtensions.swift; sourceTree = "<group>"; };
		A079609521A39FED0062678C /* LoginViewController.swift */ = {isa = PBXFileReference; lastKnownFileType = sourcecode.swift; path = LoginViewController.swift; sourceTree = "<group>"; };
		A079609721A3A0BE0062678C /* RoundedWhiteButton.swift */ = {isa = PBXFileReference; lastKnownFileType = sourcecode.swift; path = RoundedWhiteButton.swift; sourceTree = "<group>"; };
		A079609921A3A2550062678C /* SignUpViewController.swift */ = {isa = PBXFileReference; lastKnownFileType = sourcecode.swift; path = SignUpViewController.swift; sourceTree = "<group>"; };
		A079609B21A3A2D50062678C /* GoogleService-Info.plist */ = {isa = PBXFileReference; fileEncoding = 4; lastKnownFileType = text.plist.xml; path = "GoogleService-Info.plist"; sourceTree = "<group>"; };
		A0D56A4221AF183E003159D5 /* SearchViewController.swift */ = {isa = PBXFileReference; lastKnownFileType = sourcecode.swift; path = SearchViewController.swift; sourceTree = "<group>"; };
		A0D56A4421AF214D003159D5 /* ProfileViewController.swift */ = {isa = PBXFileReference; lastKnownFileType = sourcecode.swift; path = ProfileViewController.swift; sourceTree = "<group>"; };
		A0D56A4921AF23C1003159D5 /* Images.xcassets */ = {isa = PBXFileReference; lastKnownFileType = folder.assetcatalog; path = Images.xcassets; sourceTree = "<group>"; };
		A0D5D10121AD44C30032CD27 /* ResultsViewController.swift */ = {isa = PBXFileReference; lastKnownFileType = sourcecode.swift; path = ResultsViewController.swift; sourceTree = "<group>"; };
		A0D5D10321AD4F690032CD27 /* HospitalTableView.xib */ = {isa = PBXFileReference; lastKnownFileType = file.xib; path = HospitalTableView.xib; sourceTree = "<group>"; };
		A0D5D10521AD4FC90032CD27 /* HospitalTableView.swift */ = {isa = PBXFileReference; lastKnownFileType = sourcecode.swift; path = HospitalTableView.swift; sourceTree = "<group>"; };
		A0D5D10721ADEC230032CD27 /* APIHelper.swift */ = {isa = PBXFileReference; lastKnownFileType = sourcecode.swift; path = APIHelper.swift; sourceTree = "<group>"; };
/* End PBXFileReference section */

/* Begin PBXFrameworksBuildPhase section */
		A01E413521A3918E00EF03B5 /* Frameworks */ = {
			isa = PBXFrameworksBuildPhase;
			buildActionMask = 2147483647;
			files = (
				25836E5E1FAAF6EA5BBDDB10 /* Pods_PeacefulMinds.framework in Frameworks */,
			);
			runOnlyForDeploymentPostprocessing = 0;
		};
/* End PBXFrameworksBuildPhase section */

/* Begin PBXGroup section */
		1AD4BA7DAF10F1D8FC0B0FAE /* Frameworks */ = {
			isa = PBXGroup;
			children = (
				94C2EC96E6BE1AF2A1E7F2F4 /* Pods_PeacefulMinds.framework */,
			);
			name = Frameworks;
			sourceTree = "<group>";
		};
		A01E412F21A3918E00EF03B5 = {
			isa = PBXGroup;
			children = (
				A078591021AE4E1500AF7E6B /* PDF */,
				A01E413A21A3918E00EF03B5 /* PeacefulMinds */,
				A01E413921A3918E00EF03B5 /* Products */,
				BA673B69D100BACF858ED7EF /* Pods */,
				1AD4BA7DAF10F1D8FC0B0FAE /* Frameworks */,
			);
			sourceTree = "<group>";
		};
		A01E413921A3918E00EF03B5 /* Products */ = {
			isa = PBXGroup;
			children = (
				A01E413821A3918E00EF03B5 /* PeacefulMinds.app */,
			);
			name = Products;
			sourceTree = "<group>";
		};
		A01E413A21A3918E00EF03B5 /* PeacefulMinds */ = {
			isa = PBXGroup;
			children = (
				A078591321AE54B100AF7E6B /* sample_bill.pdf */,
				A0D56A4221AF183E003159D5 /* SearchViewController.swift */,
				A079608521A395410062678C /* Main.storyboard */,
				A079609521A39FED0062678C /* LoginViewController.swift */,
				A0D5D10121AD44C30032CD27 /* ResultsViewController.swift */,
				A01E413B21A3918E00EF03B5 /* AppDelegate.swift */,
				A01E413D21A3918E00EF03B5 /* ViewController.swift */,
				A079608F21A39B3A0062678C /* InitialViewController.swift */,
				A079609121A39BD50062678C /* MenuViewController.swift */,
				A079609321A39D790062678C /* HelperExtensions.swift */,
				A079609721A3A0BE0062678C /* RoundedWhiteButton.swift */,
				A079609921A3A2550062678C /* SignUpViewController.swift */,
				A0D5D10521AD4FC90032CD27 /* HospitalTableView.swift */,
				A0D5D10321AD4F690032CD27 /* HospitalTableView.xib */,
				A01E414221A3918F00EF03B5 /* logo.xcassets */,
				A01E414421A3918F00EF03B5 /* LaunchScreen.storyboard */,
				A01E414721A3918F00EF03B5 /* Info.plist */,
				A079609B21A3A2D50062678C /* GoogleService-Info.plist */,
				A0D5D10721ADEC230032CD27 /* APIHelper.swift */,
				A078590E21AE424400AF7E6B /* BillViewController.swift */,
				A078591621AE8D1200AF7E6B /* Montserrat-Regular.ttf */,
				A078591521AE8D1200AF7E6B /* Montserrat-SemiBold.ttf */,
				A0D56A4421AF214D003159D5 /* ProfileViewController.swift */,
				A0D56A4921AF23C1003159D5 /* Images.xcassets */,
				A000149C21AF4D8500BD14C5 /* profile.png */,
			);
			path = PeacefulMinds;
			sourceTree = "<group>";
		};
		A078591021AE4E1500AF7E6B /* PDF */ = {
			isa = PBXGroup;
			children = (
				A078591121AE516F00AF7E6B /* sample_bill.pdf */,
			);
			path = PDF;
			sourceTree = "<group>";
		};
		BA673B69D100BACF858ED7EF /* Pods */ = {
			isa = PBXGroup;
			children = (
				97377EE2AC8CFE5F305E596C /* Pods-PeacefulMinds.debug.xcconfig */,
				0766382AC154AB8162939156 /* Pods-PeacefulMinds.release.xcconfig */,
			);
			name = Pods;
			sourceTree = "<group>";
		};
/* End PBXGroup section */

/* Begin PBXNativeTarget section */
		A01E413721A3918E00EF03B5 /* PeacefulMinds */ = {
			isa = PBXNativeTarget;
			buildConfigurationList = A01E414A21A3918F00EF03B5 /* Build configuration list for PBXNativeTarget "PeacefulMinds" */;
			buildPhases = (
				2D9A5A55FA7806AEFEE311B2 /* [CP] Check Pods Manifest.lock */,
				A01E413421A3918E00EF03B5 /* Sources */,
				A01E413521A3918E00EF03B5 /* Frameworks */,
				A01E413621A3918E00EF03B5 /* Resources */,
				850F6A456A59D092075F6CDD /* [CP] Embed Pods Frameworks */,
			);
			buildRules = (
			);
			dependencies = (
			);
			name = PeacefulMinds;
			productName = PeacefulMinds;
			productReference = A01E413821A3918E00EF03B5 /* PeacefulMinds.app */;
			productType = "com.apple.product-type.application";
		};
/* End PBXNativeTarget section */

/* Begin PBXProject section */
		A01E413021A3918E00EF03B5 /* Project object */ = {
			isa = PBXProject;
			attributes = {
				LastSwiftUpdateCheck = 0940;
				LastUpgradeCheck = 0940;
				ORGANIZATIONNAME = "Peaceful Minds";
				TargetAttributes = {
					A01E413721A3918E00EF03B5 = {
						CreatedOnToolsVersion = 9.4.1;
					};
				};
			};
			buildConfigurationList = A01E413321A3918E00EF03B5 /* Build configuration list for PBXProject "PeacefulMinds" */;
			compatibilityVersion = "Xcode 9.3";
			developmentRegion = en;
			hasScannedForEncodings = 0;
			knownRegions = (
				en,
				Base,
			);
			mainGroup = A01E412F21A3918E00EF03B5;
			productRefGroup = A01E413921A3918E00EF03B5 /* Products */;
			projectDirPath = "";
			projectRoot = "";
			targets = (
				A01E413721A3918E00EF03B5 /* PeacefulMinds */,
			);
		};
/* End PBXProject section */

/* Begin PBXResourcesBuildPhase section */
		A01E413621A3918E00EF03B5 /* Resources */ = {
			isa = PBXResourcesBuildPhase;
			buildActionMask = 2147483647;
			files = (
				A078591721AE8FB800AF7E6B /* Montserrat-Regular.ttf in Resources */,
				A0D56A4A21AF23C1003159D5 /* Images.xcassets in Resources */,
				A01E414621A3918F00EF03B5 /* LaunchScreen.storyboard in Resources */,
				A079609C21A3A2D50062678C /* GoogleService-Info.plist in Resources */,
				A078591421AE54B100AF7E6B /* sample_bill.pdf in Resources */,
				A01E414321A3918F00EF03B5 /* logo.xcassets in Resources */,
				A0D5D10421AD4F690032CD27 /* HospitalTableView.xib in Resources */,
				A078591821AE8FBA00AF7E6B /* Montserrat-SemiBold.ttf in Resources */,
				A000149D21AF4D8600BD14C5 /* profile.png in Resources */,
				A079608621A395410062678C /* Main.storyboard in Resources */,
				A078591221AE516F00AF7E6B /* sample_bill.pdf in Resources */,
			);
			runOnlyForDeploymentPostprocessing = 0;
		};
/* End PBXResourcesBuildPhase section */

/* Begin PBXShellScriptBuildPhase section */
		2D9A5A55FA7806AEFEE311B2 /* [CP] Check Pods Manifest.lock */ = {
			isa = PBXShellScriptBuildPhase;
			buildActionMask = 2147483647;
			files = (
			);
			inputPaths = (
				"${PODS_PODFILE_DIR_PATH}/Podfile.lock",
				"${PODS_ROOT}/Manifest.lock",
			);
			name = "[CP] Check Pods Manifest.lock";
			outputPaths = (
				"$(DERIVED_FILE_DIR)/Pods-PeacefulMinds-checkManifestLockResult.txt",
			);
			runOnlyForDeploymentPostprocessing = 0;
			shellPath = /bin/sh;
			shellScript = "diff \"${PODS_PODFILE_DIR_PATH}/Podfile.lock\" \"${PODS_ROOT}/Manifest.lock\" > /dev/null\nif [ $? != 0 ] ; then\n    # print error to STDERR\n    echo \"error: The sandbox is not in sync with the Podfile.lock. Run 'pod install' or update your CocoaPods installation.\" >&2\n    exit 1\nfi\n# This output is used by Xcode 'outputs' to avoid re-running this script phase.\necho \"SUCCESS\" > \"${SCRIPT_OUTPUT_FILE_0}\"\n";
			showEnvVarsInLog = 0;
		};
		850F6A456A59D092075F6CDD /* [CP] Embed Pods Frameworks */ = {
			isa = PBXShellScriptBuildPhase;
			buildActionMask = 2147483647;
			files = (
			);
			inputPaths = (
				"${SRCROOT}/Pods/Target Support Files/Pods-PeacefulMinds/Pods-PeacefulMinds-frameworks.sh",
				"${BUILT_PRODUCTS_DIR}/GoogleUtilities/GoogleUtilities.framework",
				"${BUILT_PRODUCTS_DIR}/nanopb/nanopb.framework",
			);
			name = "[CP] Embed Pods Frameworks";
			outputPaths = (
				"${TARGET_BUILD_DIR}/${FRAMEWORKS_FOLDER_PATH}/GoogleUtilities.framework",
				"${TARGET_BUILD_DIR}/${FRAMEWORKS_FOLDER_PATH}/nanopb.framework",
			);
			runOnlyForDeploymentPostprocessing = 0;
			shellPath = /bin/sh;
			shellScript = "\"${SRCROOT}/Pods/Target Support Files/Pods-PeacefulMinds/Pods-PeacefulMinds-frameworks.sh\"\n";
			showEnvVarsInLog = 0;
		};
/* End PBXShellScriptBuildPhase section */

/* Begin PBXSourcesBuildPhase section */
		A01E413421A3918E00EF03B5 /* Sources */ = {
			isa = PBXSourcesBuildPhase;
			buildActionMask = 2147483647;
			files = (
				A079609621A39FED0062678C /* LoginViewController.swift in Sources */,
				A079609021A39B3A0062678C /* InitialViewController.swift in Sources */,
				A079609A21A3A2550062678C /* SignUpViewController.swift in Sources */,
				A01E413E21A3918E00EF03B5 /* ViewController.swift in Sources */,
				A0D56A4521AF214D003159D5 /* ProfileViewController.swift in Sources */,
				A079609421A39D790062678C /* HelperExtensions.swift in Sources */,
				A078590F21AE424400AF7E6B /* BillViewController.swift in Sources */,
				A0D5D10221AD44C30032CD27 /* ResultsViewController.swift in Sources */,
				A01E413C21A3918E00EF03B5 /* AppDelegate.swift in Sources */,
				A0D56A4321AF183E003159D5 /* SearchViewController.swift in Sources */,
				A079609221A39BD50062678C /* MenuViewController.swift in Sources */,
				A079609821A3A0BE0062678C /* RoundedWhiteButton.swift in Sources */,
				A0D5D10821ADEC230032CD27 /* APIHelper.swift in Sources */,
				A0D5D10621AD4FC90032CD27 /* HospitalTableView.swift in Sources */,
			);
			runOnlyForDeploymentPostprocessing = 0;
		};
/* End PBXSourcesBuildPhase section */

/* Begin PBXVariantGroup section */
		A01E414421A3918F00EF03B5 /* LaunchScreen.storyboard */ = {
			isa = PBXVariantGroup;
			children = (
				A01E414521A3918F00EF03B5 /* Base */,
			);
			name = LaunchScreen.storyboard;
			sourceTree = "<group>";
		};
/* End PBXVariantGroup section */

/* Begin XCBuildConfiguration section */
		A01E414821A3918F00EF03B5 /* Debug */ = {
			isa = XCBuildConfiguration;
			buildSettings = {
				ALWAYS_SEARCH_USER_PATHS = NO;
				CLANG_ANALYZER_NONNULL = YES;
				CLANG_ANALYZER_NUMBER_OBJECT_CONVERSION = YES_AGGRESSIVE;
				CLANG_CXX_LANGUAGE_STANDARD = "gnu++14";
				CLANG_CXX_LIBRARY = "libc++";
				CLANG_ENABLE_MODULES = YES;
				CLANG_ENABLE_OBJC_ARC = YES;
				CLANG_ENABLE_OBJC_WEAK = YES;
				CLANG_WARN_BLOCK_CAPTURE_AUTORELEASING = YES;
				CLANG_WARN_BOOL_CONVERSION = YES;
				CLANG_WARN_COMMA = YES;
				CLANG_WARN_CONSTANT_CONVERSION = YES;
				CLANG_WARN_DEPRECATED_OBJC_IMPLEMENTATIONS = YES;
				CLANG_WARN_DIRECT_OBJC_ISA_USAGE = YES_ERROR;
				CLANG_WARN_DOCUMENTATION_COMMENTS = YES;
				CLANG_WARN_EMPTY_BODY = YES;
				CLANG_WARN_ENUM_CONVERSION = YES;
				CLANG_WARN_INFINITE_RECURSION = YES;
				CLANG_WARN_INT_CONVERSION = YES;
				CLANG_WARN_NON_LITERAL_NULL_CONVERSION = YES;
				CLANG_WARN_OBJC_IMPLICIT_RETAIN_SELF = YES;
				CLANG_WARN_OBJC_LITERAL_CONVERSION = YES;
				CLANG_WARN_OBJC_ROOT_CLASS = YES_ERROR;
				CLANG_WARN_RANGE_LOOP_ANALYSIS = YES;
				CLANG_WARN_STRICT_PROTOTYPES = YES;
				CLANG_WARN_SUSPICIOUS_MOVE = YES;
				CLANG_WARN_UNGUARDED_AVAILABILITY = YES_AGGRESSIVE;
				CLANG_WARN_UNREACHABLE_CODE = YES;
				CLANG_WARN__DUPLICATE_METHOD_MATCH = YES;
				CODE_SIGN_IDENTITY = "iPhone Developer";
				COPY_PHASE_STRIP = NO;
				DEBUG_INFORMATION_FORMAT = dwarf;
				ENABLE_STRICT_OBJC_MSGSEND = YES;
				ENABLE_TESTABILITY = YES;
				GCC_C_LANGUAGE_STANDARD = gnu11;
				GCC_DYNAMIC_NO_PIC = NO;
				GCC_NO_COMMON_BLOCKS = YES;
				GCC_OPTIMIZATION_LEVEL = 0;
				GCC_PREPROCESSOR_DEFINITIONS = (
					"DEBUG=1",
					"$(inherited)",
				);
				GCC_WARN_64_TO_32_BIT_CONVERSION = YES;
				GCC_WARN_ABOUT_RETURN_TYPE = YES_ERROR;
				GCC_WARN_UNDECLARED_SELECTOR = YES;
				GCC_WARN_UNINITIALIZED_AUTOS = YES_AGGRESSIVE;
				GCC_WARN_UNUSED_FUNCTION = YES;
				GCC_WARN_UNUSED_VARIABLE = YES;
				IPHONEOS_DEPLOYMENT_TARGET = 11.4;
				MTL_ENABLE_DEBUG_INFO = YES;
				ONLY_ACTIVE_ARCH = YES;
				SDKROOT = iphoneos;
				SWIFT_ACTIVE_COMPILATION_CONDITIONS = DEBUG;
				SWIFT_OPTIMIZATION_LEVEL = "-Onone";
			};
			name = Debug;
		};
		A01E414921A3918F00EF03B5 /* Release */ = {
			isa = XCBuildConfiguration;
			buildSettings = {
				ALWAYS_SEARCH_USER_PATHS = NO;
				CLANG_ANALYZER_NONNULL = YES;
				CLANG_ANALYZER_NUMBER_OBJECT_CONVERSION = YES_AGGRESSIVE;
				CLANG_CXX_LANGUAGE_STANDARD = "gnu++14";
				CLANG_CXX_LIBRARY = "libc++";
				CLANG_ENABLE_MODULES = YES;
				CLANG_ENABLE_OBJC_ARC = YES;
				CLANG_ENABLE_OBJC_WEAK = YES;
				CLANG_WARN_BLOCK_CAPTURE_AUTORELEASING = YES;
				CLANG_WARN_BOOL_CONVERSION = YES;
				CLANG_WARN_COMMA = YES;
				CLANG_WARN_CONSTANT_CONVERSION = YES;
				CLANG_WARN_DEPRECATED_OBJC_IMPLEMENTATIONS = YES;
				CLANG_WARN_DIRECT_OBJC_ISA_USAGE = YES_ERROR;
				CLANG_WARN_DOCUMENTATION_COMMENTS = YES;
				CLANG_WARN_EMPTY_BODY = YES;
				CLANG_WARN_ENUM_CONVERSION = YES;
				CLANG_WARN_INFINITE_RECURSION = YES;
				CLANG_WARN_INT_CONVERSION = YES;
				CLANG_WARN_NON_LITERAL_NULL_CONVERSION = YES;
				CLANG_WARN_OBJC_IMPLICIT_RETAIN_SELF = YES;
				CLANG_WARN_OBJC_LITERAL_CONVERSION = YES;
				CLANG_WARN_OBJC_ROOT_CLASS = YES_ERROR;
				CLANG_WARN_RANGE_LOOP_ANALYSIS = YES;
				CLANG_WARN_STRICT_PROTOTYPES = YES;
				CLANG_WARN_SUSPICIOUS_MOVE = YES;
				CLANG_WARN_UNGUARDED_AVAILABILITY = YES_AGGRESSIVE;
				CLANG_WARN_UNREACHABLE_CODE = YES;
				CLANG_WARN__DUPLICATE_METHOD_MATCH = YES;
				CODE_SIGN_IDENTITY = "iPhone Developer";
				COPY_PHASE_STRIP = NO;
				DEBUG_INFORMATION_FORMAT = "dwarf-with-dsym";
				ENABLE_NS_ASSERTIONS = NO;
				ENABLE_STRICT_OBJC_MSGSEND = YES;
				GCC_C_LANGUAGE_STANDARD = gnu11;
				GCC_NO_COMMON_BLOCKS = YES;
				GCC_WARN_64_TO_32_BIT_CONVERSION = YES;
				GCC_WARN_ABOUT_RETURN_TYPE = YES_ERROR;
				GCC_WARN_UNDECLARED_SELECTOR = YES;
				GCC_WARN_UNINITIALIZED_AUTOS = YES_AGGRESSIVE;
				GCC_WARN_UNUSED_FUNCTION = YES;
				GCC_WARN_UNUSED_VARIABLE = YES;
				IPHONEOS_DEPLOYMENT_TARGET = 11.4;
				MTL_ENABLE_DEBUG_INFO = NO;
				SDKROOT = iphoneos;
				SWIFT_COMPILATION_MODE = wholemodule;
				SWIFT_OPTIMIZATION_LEVEL = "-O";
				VALIDATE_PRODUCT = YES;
			};
			name = Release;
		};
		A01E414B21A3918F00EF03B5 /* Debug */ = {
			isa = XCBuildConfiguration;
			baseConfigurationReference = 97377EE2AC8CFE5F305E596C /* Pods-PeacefulMinds.debug.xcconfig */;
			buildSettings = {
				ASSETCATALOG_COMPILER_APPICON_NAME = AppIcon;
				CODE_SIGN_STYLE = Automatic;
				DEVELOPMENT_TEAM = FZZ43897VS;
				INFOPLIST_FILE = PeacefulMinds/Info.plist;
				IPHONEOS_DEPLOYMENT_TARGET = 11.4;
				LD_RUNPATH_SEARCH_PATHS = (
					"$(inherited)",
					"@executable_path/Frameworks",
				);
				PRODUCT_BUNDLE_IDENTIFIER = com.apic.PeacefulMinds;
				PRODUCT_NAME = "$(TARGET_NAME)";
				SWIFT_VERSION = 4.0;
				TARGETED_DEVICE_FAMILY = "1,2";
			};
			name = Debug;
		};
		A01E414C21A3918F00EF03B5 /* Release */ = {
			isa = XCBuildConfiguration;
			baseConfigurationReference = 0766382AC154AB8162939156 /* Pods-PeacefulMinds.release.xcconfig */;
			buildSettings = {
				ASSETCATALOG_COMPILER_APPICON_NAME = AppIcon;
				CODE_SIGN_STYLE = Automatic;
				DEVELOPMENT_TEAM = FZZ43897VS;
				INFOPLIST_FILE = PeacefulMinds/Info.plist;
				IPHONEOS_DEPLOYMENT_TARGET = 11.4;
				LD_RUNPATH_SEARCH_PATHS = (
					"$(inherited)",
					"@executable_path/Frameworks",
				);
				PRODUCT_BUNDLE_IDENTIFIER = com.apic.PeacefulMinds;
				PRODUCT_NAME = "$(TARGET_NAME)";
				SWIFT_VERSION = 4.0;
				TARGETED_DEVICE_FAMILY = "1,2";
			};
			name = Release;
		};
/* End XCBuildConfiguration section */

/* Begin XCConfigurationList section */
		A01E413321A3918E00EF03B5 /* Build configuration list for PBXProject "PeacefulMinds" */ = {
			isa = XCConfigurationList;
			buildConfigurations = (
				A01E414821A3918F00EF03B5 /* Debug */,
				A01E414921A3918F00EF03B5 /* Release */,
			);
			defaultConfigurationIsVisible = 0;
			defaultConfigurationName = Release;
		};
		A01E414A21A3918F00EF03B5 /* Build configuration list for PBXNativeTarget "PeacefulMinds" */ = {
			isa = XCConfigurationList;
			buildConfigurations = (
				A01E414B21A3918F00EF03B5 /* Debug */,
				A01E414C21A3918F00EF03B5 /* Release */,
			);
			defaultConfigurationIsVisible = 0;
			defaultConfigurationName = Release;
		};
/* End XCConfigurationList section */
	};
	rootObject = A01E413021A3918E00EF03B5 /* Project object */;
}
